
Microsoft Visual Studio Solution File, Format Version 12.00
# Visual Studio Version 16
VisualStudioVersion = 16.0.30717.126
MinimumVisualStudioVersion = 10.0.40219.1
Project("{FAE04EC0-301F-11D3-BF4B-00C04F79EFBC}") = "Lesson7", "Lesson7\Lesson7.csproj", "{9B3F745C-0D48-45EB-B9BE-720FD578BAF3}"
EndProject
Global
	GlobalSection(SolutionConfigurationPlatforms) = preSolution
		Debug|Any CPU = Debug|Any CPU
		Release|Any CPU = Release|Any CPU
	EndGlobalSection
	GlobalSection(ProjectConfigurationPlatforms) = postSolution
		{9B3F745C-0D48-45EB-B9BE-720FD578BAF3}.Debug|Any CPU.ActiveCfg = Debug|Any CPU
		{9B3F745C-0D48-45EB-B9BE-720FD578BAF3}.Debug|Any CPU.Build.0 = Debug|Any CPU
		{9B3F745C-0D48-45EB-B9BE-720FD578BAF3}.Release|Any CPU.ActiveCfg = Release|Any CPU
		{9B3F745C-0D48-45EB-B9BE-720FD578BAF3}.Release|Any CPU.Build.0 = Release|Any CPU
	EndGlobalSection
	GlobalSection(SolutionProperties) = preSolution
		HideSolutionNode = FALSE
	EndGlobalSection
	GlobalSection(ExtensibilityGlobals) = postSolution
		SolutionGuid = {54CAE800-EB89-4DBD-9F4C-14E77B30BCF3}
	EndGlobalSection
EndGlobal
